<?xml version="1.0" encoding="utf-8"?>
<Project ToolsVersion="4.0" xmlns="http://schemas.microsoft.com/developer/msbuild/2003">
  <ItemGroup>
    <Filter Include="cam">
      <UniqueIdentifier>{F664880B-626E-887C-EBE9-9E7C57F2937C}</UniqueIdentifier>
    </Filter>
    <Filter Include="hit">
      <UniqueIdentifier>{4A7B880B-B684-887C-3F00-9F7CAB08947C}</UniqueIdentifier>
    </Filter>
    <Filter Include="mat">
      <UniqueIdentifier>{878F880B-F398-887C-7C14-9F7CE81C947C}</UniqueIdentifier>
    </Filter>
    <Filter Include="shape">
      <UniqueIdentifier>{F6B45A10-62C9-82C1-2B4B-2621971E7FF2}</UniqueIdentifier>
    </Filter>
    <Filter Include="utility">
      <UniqueIdentifier>{79DE5C48-E5BD-DBE3-EED5-66BA5A344245}</UniqueIdentifier>
    </Filter>
  </ItemGroup>
  <ItemGroup>
    <ClInclude Include="src\cam\Camera.h">
      <Filter>cam</Filter>
    </ClInclude>
    <ClInclude Include="src\hit\Hit.hpp">
      <Filter>hit</Filter>
    </ClInclude>
    <ClInclude Include="src\mat\Dielectric.h">
      <Filter>mat</Filter>
    </ClInclude>
    <ClInclude Include="src\mat\Lambertian.h">
      <Filter>mat</Filter>
    </ClInclude>
    <ClInclude Include="src\mat\MaterialBase.h">
      <Filter>mat</Filter>
    </ClInclude>
    <ClInclude Include="src\mat\Metal.h">
      <Filter>mat</Filter>
    </ClInclude>
    <ClInclude Include="src\shape\HitTableList.h">
      <Filter>shape</Filter>
    </ClInclude>
    <ClInclude Include="src\shape\Sphere.h">
      <Filter>shape</Filter>
    </ClInclude>
    <ClInclude Include="src\utility\Color.h">
      <Filter>utility</Filter>
    </ClInclude>
    <ClInclude Include="src\utility\Interval.h">
      <Filter>utility</Filter>
    </ClInclude>
    <ClInclude Include="src\utility\Ray.hpp">
      <Filter>utility</Filter>
    </ClInclude>
    <ClInclude Include="src\utility\Utility.hpp">
      <Filter>utility</Filter>
    </ClInclude>
    <ClInclude Include="src\utility\Vec3.hpp">
      <Filter>utility</Filter>
    </ClInclude>
  </ItemGroup>
  <ItemGroup>
    <ClCompile Include="src\cam\Camera.cpp">
      <Filter>cam</Filter>
    </ClCompile>
    <ClCompile Include="src\main.cpp" />
    <ClCompile Include="src\mat\Dielectric.cpp">
      <Filter>mat</Filter>
    </ClCompile>
    <ClCompile Include="src\mat\Lambertian.cpp">
      <Filter>mat</Filter>
    </ClCompile>
    <ClCompile Include="src\mat\Metal.cpp">
      <Filter>mat</Filter>
    </ClCompile>
    <ClCompile Include="src\shape\HitTableList.cpp">
      <Filter>shape</Filter>
    </ClCompile>
    <ClCompile Include="src\utility\Color.cpp">
      <Filter>utility</Filter>
    </ClCompile>
    <ClCompile Include="src\utility\Interval.cpp">
      <Filter>utility</Filter>
    </ClCompile>
  </ItemGroup>
</Project>