<?xml version="1.0" encoding="utf-8"?>
<Project ToolsVersion="4.0" xmlns="http://schemas.microsoft.com/developer/msbuild/2003">
  <ItemGroup>
    <Filter Include="head">
      <UniqueIdentifier>{18a8ff63-8eb5-4b64-9b7b-283f5455677b}</UniqueIdentifier>
    </Filter>
    <Filter Include="src">
      <UniqueIdentifier>{dcaa6d06-1237-48f7-a73e-9f6adc170856}</UniqueIdentifier>
    </Filter>
    <Filter Include="head\material">
      <UniqueIdentifier>{8883f20c-20be-47ad-ae3a-013557f287db}</UniqueIdentifier>
    </Filter>
    <Filter Include="src\material">
      <UniqueIdentifier>{8f08a134-f86e-45a9-a79d-e758856cafaf}</UniqueIdentifier>
    </Filter>
  </ItemGroup>
  <ItemGroup>
    <ClCompile Include="src\main.cpp" />
    <ClCompile Include="src\utility\Vec3.hpp">
      <Filter>head</Filter>
    </ClCompile>
    <ClCompile Include="src\utility\Interval.cpp">
      <Filter>src</Filter>
    </ClCompile>
    <ClCompile Include="src\utility\Color.cpp">
      <Filter>src</Filter>
    </ClCompile>
    <ClCompile Include="src\shape\HitTableList.cpp">
      <Filter>src</Filter>
    </ClCompile>
    <ClCompile Include="src\mat\Metal.cpp">
      <Filter>src\material</Filter>
    </ClCompile>
    <ClCompile Include="src\mat\Lambertian.cpp">
      <Filter>src\material</Filter>
    </ClCompile>
    <ClCompile Include="src\mat\Dielectric.cpp">
      <Filter>src\material</Filter>
    </ClCompile>
    <ClCompile Include="src\cam\Camera.cpp" />
  </ItemGroup>
  <ItemGroup>
    <ClInclude Include="src\utility\Color.h">
      <Filter>head</Filter>
    </ClInclude>
    <ClInclude Include="src\utility\Ray.hpp">
      <Filter>head</Filter>
    </ClInclude>
    <ClInclude Include="src\hit\Hit.hpp">
      <Filter>head</Filter>
    </ClInclude>
    <ClInclude Include="src\shape\HitTableList.h">
      <Filter>head</Filter>
    </ClInclude>
    <ClInclude Include="src\utility\Utility.hpp">
      <Filter>head</Filter>
    </ClInclude>
    <ClInclude Include="src\utility\Interval.h">
      <Filter>head</Filter>
    </ClInclude>
    <ClInclude Include="src\mat\Metal.h">
      <Filter>head\material</Filter>
    </ClInclude>
    <ClInclude Include="src\mat\MaterialBase.h">
      <Filter>head\material</Filter>
    </ClInclude>
    <ClInclude Include="src\mat\Lambertian.h">
      <Filter>head\material</Filter>
    </ClInclude>
    <ClInclude Include="src\mat\Dielectric.h">
      <Filter>head\material</Filter>
    </ClInclude>
    <ClInclude Include="src\shape\Sphere.h" />
    <ClInclude Include="src\cam\Camera.h" />
  </ItemGroup>
  <ItemGroup>
    <None Include=".gitignore" />
    <None Include="image.ppm" />
  </ItemGroup>
</Project>